[[package]]
category = "main"
description = "Contains tools for modelling values with associated uncertainty."
name = "fuzz"
optional = false
python-versions = "*"
version = "0.1.1"

[[package]]
category = "main"
description = "Fuzzy string matching in python"
name = "fuzzywuzzy"
optional = false
python-versions = "*"
version = "0.18.0"

[metadata]
content-hash = "5d5570de8e8bccc5331eecf232ca62cc817366548059af0af7a14c82b8c3a5a6"
python-versions = "^3.7"

[metadata.hashes]
fuzz = ["b8a301841cb62bb2498de13fd3b9e8a62608a7fd1d0c0b904c3e6c6945509d3f"]
fuzzywuzzy = ["45016e92264780e58972dca1b3d939ac864b78437422beecebb3095f8efd00e8", "928244b28db720d1e0ee7587acf660ea49d7e4c632569cad4f1cd7e68a5f0993"]
